github.com/aws/aws-lambda-go v1.35.0 h1:iocVDy5Cw5SCRrKOPHwarkdFwwy48OkfmHoE6SJ3ATg=
github.com/aws/aws-lambda-go v1.35.0/go.mod h1:jwFe2KmMsHmffA1X2R09hH6lFzJQxzI8qK17ewzbQMM=
github.com/davecgh/go-spew v1.1.1 h1:vj9j/u1bqnvCEfJOwUhtlOARqs3+rkHYY13jYWTU97c=
github.com/go-sql-driver/mysql v1.6.0 h1:BCTh4TKNUYmOmMUcQ3IipzF5prigylS7XXjEkfCHuOE=
github.com/go-sql-driver/mysql v1.6.0/go.mod h1:DCzpHaOWr8IXmIStZouvnhqoel9Qv2LBy8hT2VhHyBg=
github.com/google/uuid v1.3.0 h1:t6JiXgmwXMjEs8VusXIJk2BXHsn+wx8BZdTaoZ5fu7I=
github.com/google/uuid v1.3.0/go.mod h1:TIyPZe4MgqvfeYDBFedMoGGpEw/LqOeaOT+nhxU+yHo=
github.com/ipthomas/tukcnst v1.3.3 h1:DCjCAAlCvAX0sWHv/SBPDuuvIV9YS7wnJrBkH4pt3zs=
github.com/ipthomas/tukcnst v1.3.3/go.mod h1:ciOdJbw8hryjilsWjN0vhtF3ZbSfEKUd7wfzU0IZ2X8=
github.com/ipthomas/tukdbint v1.3.7 h1:pqwQVbiDdo9mzzYgYvIUJ3WB6hMpVEDsYl0m9JO89/Y=
github.com/ipthomas/tukdbint v1.3.7/go.mod h1:11062pvjP0pM8VlCjJRaQ43mbHqm1u0pRkKVZ3W/RXs=
github.com/ipthomas/tukdsub v1.3.7 h1:bDTOzP5hehPCg2wJpf504tudC7ltbwecCylPwS4qPLY=
github.com/ipthomas/tukdsub v1.3.7/go.mod h1:xCq/M695pqflwj7a2BejERVoCVUgDUxRKzeJQpyDr34=
github.com/ipthomas/tukhttp v1.3.3 h1:E2cK4gp+6JWAo7V6g5Kb/cWoyD/3uKQcMlMaGQFQHv0=
github.com/ipthomas/tukhttp v1.3.3/go.mod h1:6fTxQpAGiCmX0Ldrst2UocjrNt2y6clsywJLp7kII/4=
github.com/ipthomas/tukpdq v1.3.3 h1:8GWWg8D7KStk144WzND0UB6WqMejBcKU51gxcT74g3w=
github.com/ipthomas/tukpdq v1.3.3/go.mod h1:YhUFYF9HpdyfyjuRSauiLnKZ5i1zPMLOuzMxxb++xoo=
github.com/ipthomas/tukutil v1.3.3 h1:g/hteLypDvPGsB6VoBwe1Vs+H7dPbonNRwnJtHTLeYc=
github.com/ipthomas/tukutil v1.3.3/go.mod h1:cgLt0kO9rA3cobp265FHdAYhDUAeeAE1VaJK2KMy28c=
github.com/ipthomas/tukxdw v1.3.4 h1:w9Ylf9FDh35tXMCX1+6GjlhICr16uYKva3MqZRc6B+4=
github.com/ipthomas/tukxdw v1.3.4/go.mod h1:bzbuoDL3gUaqJmJ+Wi6VRPT/iWB12ByLl4PKQo4ctdc=
github.com/pmezard/go-difflib v1.0.0 h1:4DBwDE0NGyQoBHbLQYPwSUPoCMWR5BEzIk/f1lZbAQM=
github.com/stretchr/testify v1.7.2 h1:4jaiDzPyXQvSd7D0EjG45355tLlV3VOECpq10pLC+8s=
gopkg.in/yaml.v3 v3.0.1 h1:fxVm/GzAzEWqLHuvctI91KS9hhNmmWOoWu0XTYJS7CA=
