github.com/go-sql-driver/mysql v1.6.0 h1:BCTh4TKNUYmOmMUcQ3IipzF5prigylS7XXjEkfCHuOE=
github.com/go-sql-driver/mysql v1.6.0/go.mod h1:DCzpHaOWr8IXmIStZouvnhqoel9Qv2LBy8hT2VhHyBg=
github.com/google/uuid v1.3.0 h1:t6JiXgmwXMjEs8VusXIJk2BXHsn+wx8BZdTaoZ5fu7I=
github.com/google/uuid v1.3.0/go.mod h1:TIyPZe4MgqvfeYDBFedMoGGpEw/LqOeaOT+nhxU+yHo=
github.com/ipthomas/tukcnst v1.0.10 h1:ot7Swc+dvB7zwoU42n56OmjoDq8xtvpHhQSOXtwG1sM=
github.com/ipthomas/tukcnst v1.0.10/go.mod h1:ciOdJbw8hryjilsWjN0vhtF3ZbSfEKUd7wfzU0IZ2X8=
github.com/ipthomas/tukcnst v1.1.0 h1:e2JBTrJt1x9xFwJL6w20y3HR02YOdpH5ZdoGG+9qjDI=
github.com/ipthomas/tukcnst v1.1.0/go.mod h1:ciOdJbw8hryjilsWjN0vhtF3ZbSfEKUd7wfzU0IZ2X8=
github.com/ipthomas/tukdbint v1.0.11 h1:L8M/b6KUNfO2pw3h6GY1dLNZ4STO32x08VyBOA3Tchs=
github.com/ipthomas/tukdbint v1.0.11/go.mod h1:dIFan9YXW7j47Jo8EuI/1EtcXCQmZoWz7QOWdnc2+JE=
github.com/ipthomas/tukdsub v1.0.6 h1:B2LTJe/1eZXXy1uRB1CpDVMYZgOqhbpiDu5vO2MYDME=
github.com/ipthomas/tukdsub v1.0.6/go.mod h1:Da4qa107Ry3trOHykQNk76eT1lD87hUykg1HgwEJVjc=
github.com/ipthomas/tukdsub v1.0.12 h1:PR7h/uVeTedWrQjs/Bt68XE26d8sHLDqYQdG/dunuLo=
github.com/ipthomas/tukdsub v1.0.12/go.mod h1:w1Sy+wjiy/z4JioJXWj11lFwqpcWEKwVBouvMXD3hx8=
github.com/ipthomas/tukdsub v1.0.13 h1:DBoLcIIakH8iaJhGA85nGCBlMGKS4FfXMmSNX9IebU8=
github.com/ipthomas/tukdsub v1.0.13/go.mod h1:2DxDMZQfK/CPVy7I5IJJGBO3Fn+AAq8NmLYa65HIX2E=
github.com/ipthomas/tukhttp v1.0.10 h1:W3lx29ctljLGLAuK4f/4aD0esIob5cN1YbrPb17miKk=
github.com/ipthomas/tukhttp v1.0.10/go.mod h1:miRUORsOw/VmqilnGPTRb72i3zD+kEzCYaRLkOJy6X4=
github.com/ipthomas/tukhttp v1.1.1 h1:2XA/LAuQlH+UahHXkUs/a0k8K0+MZEDPG2qttkZag70=
github.com/ipthomas/tukhttp v1.1.1/go.mod h1:lR4NAmmOhns8GXkEt3HYmd/ARdGH3nFO2z1vSyGii6s=
github.com/ipthomas/tukpdq v1.1.6 h1:GRYN14q00Uc6Z04JCn5Do/aK4oSfcGvIdVPwPa89Txs=
github.com/ipthomas/tukpdq v1.1.6/go.mod h1:nkHnGRYYn1HrUUsw4a6X76V6j5cSoAR5p8V6NG6SQJ0=
github.com/ipthomas/tukpixm v1.0.11 h1:CJ+cw14DweGSGQjT142tfnZFdQTfusJYWOe2a/UehZw=
github.com/ipthomas/tukpixm v1.0.11/go.mod h1:vQUFUiMkqwm0RgXBMlQJ+U9xAVlzQcAy7FknpX6ux6c=
github.com/ipthomas/tukpixm v1.1.0 h1:2kd72CoaIS3piL0zUUrE556bHBGaBKl89jXRjJlzqCs=
github.com/ipthomas/tukpixm v1.1.0/go.mod h1:vQUFUiMkqwm0RgXBMlQJ+U9xAVlzQcAy7FknpX6ux6c=
github.com/ipthomas/tukutil v1.0.10 h1:9wVHnyzERsTLhzz0Ob5HDoXFYzAH49ulw9iWeZSo3TA=
github.com/ipthomas/tukutil v1.0.10/go.mod h1:O3bE0LCck8gtABMNprLwNRtfrFh7n0ewMfYioxsj6PQ=
github.com/ipthomas/tukutil v1.1.1 h1:RNpqm+6mP7gtO7WrFX+qnokuHebLZT9EI/juCYyFhdk=
github.com/ipthomas/tukutil v1.1.1/go.mod h1:br2R66uFrspxLWfbocV5tahLUouTGVv4VdsRZ9m+lss=
